
Microsoft Visual Studio Solution File, Format Version 12.00
# Visual Studio Version 16
VisualStudioVersion = 16.0.28922.388
MinimumVisualStudioVersion = 10.0.40219.1
Project("{FAE04EC0-301F-11D3-BF4B-00C04F79EFBC}") = "AllegroAuctionSellHistory", "AllegroAuctionSellHistory\AllegroAuctionSellHistory.csproj", "{1757178F-0718-473E-9CC6-0D9ED3D843FC}"
EndProject
Global
	GlobalSection(SolutionConfigurationPlatforms) = preSolution
		Debug|Any CPU = Debug|Any CPU
		Release|Any CPU = Release|Any CPU
	EndGlobalSection
	GlobalSection(ProjectConfigurationPlatforms) = postSolution
		{1757178F-0718-473E-9CC6-0D9ED3D843FC}.Debug|Any CPU.ActiveCfg = Debug|Any CPU
		{1757178F-0718-473E-9CC6-0D9ED3D843FC}.Debug|Any CPU.Build.0 = Debug|Any CPU
		{1757178F-0718-473E-9CC6-0D9ED3D843FC}.Release|Any CPU.ActiveCfg = Release|Any CPU
		{1757178F-0718-473E-9CC6-0D9ED3D843FC}.Release|Any CPU.Build.0 = Release|Any CPU
	EndGlobalSection
	GlobalSection(SolutionProperties) = preSolution
		HideSolutionNode = FALSE
	EndGlobalSection
	GlobalSection(ExtensibilityGlobals) = postSolution
		SolutionGuid = {36F56777-6EF3-4E03-823B-AF629444D95F}
	EndGlobalSection
EndGlobal
